
Microsoft Visual Studio Solution File, Format Version 12.00
# Visual Studio Version 17
VisualStudioVersion = 17.8.34408.163
MinimumVisualStudioVersion = 10.0.40219.1
Project("{FAE04EC0-301F-11D3-BF4B-00C04F79EFBC}") = "6. Working with numbers", "6. Working with numbers.csproj", "{078D9462-1CB1-474F-85AA-7094D896AFD6}"
EndProject
Global
	GlobalSection(SolutionConfigurationPlatforms) = preSolution
		Debug|Any CPU = Debug|Any CPU
		Release|Any CPU = Release|Any CPU
	EndGlobalSection
	GlobalSection(ProjectConfigurationPlatforms) = postSolution
		{078D9462-1CB1-474F-85AA-7094D896AFD6}.Debug|Any CPU.ActiveCfg = Debug|Any CPU
		{078D9462-1CB1-474F-85AA-7094D896AFD6}.Debug|Any CPU.Build.0 = Debug|Any CPU
		{078D9462-1CB1-474F-85AA-7094D896AFD6}.Release|Any CPU.ActiveCfg = Release|Any CPU
		{078D9462-1CB1-474F-85AA-7094D896AFD6}.Release|Any CPU.Build.0 = Release|Any CPU
	EndGlobalSection
	GlobalSection(SolutionProperties) = preSolution
		HideSolutionNode = FALSE
	EndGlobalSection
	GlobalSection(ExtensibilityGlobals) = postSolution
		SolutionGuid = {18178A0B-5DE0-4977-90EE-2AF66D621B52}
	EndGlobalSection
EndGlobal
